PODS:
  - CircleOfFifths (0.0.3):
    - MusicTheorySwift
  - MusicTheorySwift (1.1.0)

DEPENDENCIES:
  - CircleOfFifths (from `..`)

SPEC REPOS:
  https://github.com/cocoapods/specs.git:
    - MusicTheorySwift

EXTERNAL SOURCES:
  CircleOfFifths:
    :path: ".."

SPEC CHECKSUMS:
  CircleOfFifths: afb337af48e8876a173b36949adb5b56fdfd7127
  MusicTheorySwift: 555d61fc174c36c7cb1a41cf20b54628ba6b3e32

PODFILE CHECKSUM: 83124972e424e741c3156ed17f4f14af17ec386e

COCOAPODS: 1.5.3
