PODS:
  - CircleOfFifths (0.0.1):
    - MusicTheorySwift
  - MusicTheorySwift (0.0.2)

DEPENDENCIES:
  - CircleOfFifths (from `../`)

EXTERNAL SOURCES:
  CircleOfFifths:
    :path: "../"

SPEC CHECKSUMS:
  CircleOfFifths: d52f2bf7657517cd03c7c0d12fca308b2d587145
  MusicTheorySwift: c195af876a2eec9ad180eb02345e187b3650e578

PODFILE CHECKSUM: 88e7afc707829cbb2d658185b93793005bbeadb1

COCOAPODS: 1.2.0
