PODS:
  - CircleOfFifths (0.0.1):
    - MusicTheorySwift
  - MusicTheorySwift (0.0.3)

DEPENDENCIES:
  - CircleOfFifths (from `../`)

EXTERNAL SOURCES:
  CircleOfFifths:
    :path: "../"

SPEC CHECKSUMS:
  CircleOfFifths: 25b341c7342264c4518e6b739d6951ca70a9a134
  MusicTheorySwift: 8003df1bf5a905120629378712156ceebebfc7d5

PODFILE CHECKSUM: 23fa907480a6f9f5480bd36a051b2114535a1347

COCOAPODS: 1.2.0
